
Microsoft Visual Studio Solution File, Format Version 12.00
# Visual Studio Version 17
VisualStudioVersion = 17.7.34031.279
MinimumVisualStudioVersion = 10.0.40219.1
Project("{FAE04EC0-301F-11D3-BF4B-00C04F79EFBC}") = "Infra.DataBase", "Infra.DataBase\Infra.DataBase.csproj", "{2C0E70C4-1370-43C2-BA6C-C78C0FACFE96}"
EndProject
Project("{FAE04EC0-301F-11D3-BF4B-00C04F79EFBC}") = "Infra.IoC", "Infra.IoC\Infra.IoC.csproj", "{56C8CB9B-B703-4290-AD78-61C91D3EEC95}"
EndProject
Project("{FAE04EC0-301F-11D3-BF4B-00C04F79EFBC}") = "Application", "Application\Application.csproj", "{DDCD295E-2404-41C6-8E35-49ABA0FBDDDC}"
EndProject
Project("{FAE04EC0-301F-11D3-BF4B-00C04F79EFBC}") = "Presentation", "Presentation\Presentation.csproj", "{4DAE8D22-16AB-4D34-AB39-F2F4D7FA5716}"
EndProject
Global
	GlobalSection(SolutionConfigurationPlatforms) = preSolution
		Debug|Any CPU = Debug|Any CPU
		Release|Any CPU = Release|Any CPU
	EndGlobalSection
	GlobalSection(ProjectConfigurationPlatforms) = postSolution
		{2C0E70C4-1370-43C2-BA6C-C78C0FACFE96}.Debug|Any CPU.ActiveCfg = Debug|Any CPU
		{2C0E70C4-1370-43C2-BA6C-C78C0FACFE96}.Debug|Any CPU.Build.0 = Debug|Any CPU
		{2C0E70C4-1370-43C2-BA6C-C78C0FACFE96}.Release|Any CPU.ActiveCfg = Release|Any CPU
		{2C0E70C4-1370-43C2-BA6C-C78C0FACFE96}.Release|Any CPU.Build.0 = Release|Any CPU
		{56C8CB9B-B703-4290-AD78-61C91D3EEC95}.Debug|Any CPU.ActiveCfg = Debug|Any CPU
		{56C8CB9B-B703-4290-AD78-61C91D3EEC95}.Debug|Any CPU.Build.0 = Debug|Any CPU
		{56C8CB9B-B703-4290-AD78-61C91D3EEC95}.Release|Any CPU.ActiveCfg = Release|Any CPU
		{56C8CB9B-B703-4290-AD78-61C91D3EEC95}.Release|Any CPU.Build.0 = Release|Any CPU
		{DDCD295E-2404-41C6-8E35-49ABA0FBDDDC}.Debug|Any CPU.ActiveCfg = Debug|Any CPU
		{DDCD295E-2404-41C6-8E35-49ABA0FBDDDC}.Debug|Any CPU.Build.0 = Debug|Any CPU
		{DDCD295E-2404-41C6-8E35-49ABA0FBDDDC}.Release|Any CPU.ActiveCfg = Release|Any CPU
		{DDCD295E-2404-41C6-8E35-49ABA0FBDDDC}.Release|Any CPU.Build.0 = Release|Any CPU
		{4DAE8D22-16AB-4D34-AB39-F2F4D7FA5716}.Debug|Any CPU.ActiveCfg = Debug|Any CPU
		{4DAE8D22-16AB-4D34-AB39-F2F4D7FA5716}.Debug|Any CPU.Build.0 = Debug|Any CPU
		{4DAE8D22-16AB-4D34-AB39-F2F4D7FA5716}.Release|Any CPU.ActiveCfg = Release|Any CPU
		{4DAE8D22-16AB-4D34-AB39-F2F4D7FA5716}.Release|Any CPU.Build.0 = Release|Any CPU
	EndGlobalSection
	GlobalSection(SolutionProperties) = preSolution
		HideSolutionNode = FALSE
	EndGlobalSection
	GlobalSection(ExtensibilityGlobals) = postSolution
		SolutionGuid = {7C710E7F-2833-46CA-9B0E-DA859B288B1D}
	EndGlobalSection
EndGlobal
